// !$*UTF8*$!
{
	archiveVersion = 1;
	classes = {
	};
	objectVersion = 46;
	objects = {

/* Begin PBXBuildFile section */
		BF8131DA1BDE684200EC5307 /* STL_Algorithm02.cpp in Sources */ = {isa = PBXBuildFile; fileRef = BF8131D81BDE684200EC5307 /* STL_Algorithm02.cpp */; };
		BFB34A2A1BDFBD6E00B9CAE0 /* STL_Algorithm03.cpp in Sources */ = {isa = PBXBuildFile; fileRef = BFB34A281BDFBD6E00B9CAE0 /* STL_Algorithm03.cpp */; };
		BFB34A2D1BDFCD4C00B9CAE0 /* STL_Algorithm04.cpp in Sources */ = {isa = PBXBuildFile; fileRef = BFB34A2B1BDFCD4C00B9CAE0 /* STL_Algorithm04.cpp */; };
		BFBD5DE81BD6A18F00511129 /* STL_Algorithm01.cpp in Sources */ = {isa = PBXBuildFile; fileRef = BFBD5DE61BD6A18F00511129 /* STL_Algorithm01.cpp */; };
/* End PBXBuildFile section */

/* Begin PBXCopyFilesBuildPhase section */
		BFBD5DDA1BD6A08900511129 /* CopyFiles */ = {
			isa = PBXCopyFilesBuildPhase;
			buildActionMask = 2147483647;
			dstPath = /usr/share/man/man1/;
			dstSubfolderSpec = 0;
			files = (
			);
			runOnlyForDeploymentPostprocessing = 1;
		};
/* End PBXCopyFilesBuildPhase section */

/* Begin PBXFileReference section */
		BF8131D81BDE684200EC5307 /* STL_Algorithm02.cpp */ = {isa = PBXFileReference; fileEncoding = 4; lastKnownFileType = sourcecode.cpp.cpp; path = STL_Algorithm02.cpp; sourceTree = "<group>"; };
		BF8131D91BDE684200EC5307 /* STL_Algorithm02.hpp */ = {isa = PBXFileReference; fileEncoding = 4; lastKnownFileType = sourcecode.cpp.h; path = STL_Algorithm02.hpp; sourceTree = "<group>"; };
		BFB34A281BDFBD6E00B9CAE0 /* STL_Algorithm03.cpp */ = {isa = PBXFileReference; fileEncoding = 4; lastKnownFileType = sourcecode.cpp.cpp; path = STL_Algorithm03.cpp; sourceTree = "<group>"; };
		BFB34A291BDFBD6E00B9CAE0 /* STL_Algorithm03.hpp */ = {isa = PBXFileReference; fileEncoding = 4; lastKnownFileType = sourcecode.cpp.h; path = STL_Algorithm03.hpp; sourceTree = "<group>"; };
		BFB34A2B1BDFCD4C00B9CAE0 /* STL_Algorithm04.cpp */ = {isa = PBXFileReference; fileEncoding = 4; lastKnownFileType = sourcecode.cpp.cpp; path = STL_Algorithm04.cpp; sourceTree = "<group>"; };
		BFB34A2C1BDFCD4C00B9CAE0 /* STL_Algorithm04.hpp */ = {isa = PBXFileReference; fileEncoding = 4; lastKnownFileType = sourcecode.cpp.h; path = STL_Algorithm04.hpp; sourceTree = "<group>"; };
		BFBD5DDC1BD6A08900511129 /* STL算法 */ = {isa = PBXFileReference; explicitFileType = "compiled.mach-o.executable"; includeInIndex = 0; path = "STL算法"; sourceTree = BUILT_PRODUCTS_DIR; };
		BFBD5DE61BD6A18F00511129 /* STL_Algorithm01.cpp */ = {isa = PBXFileReference; fileEncoding = 4; lastKnownFileType = sourcecode.cpp.cpp; path = STL_Algorithm01.cpp; sourceTree = "<group>"; };
		BFBD5DE71BD6A18F00511129 /* STL_Algorithm01.hpp */ = {isa = PBXFileReference; fileEncoding = 4; lastKnownFileType = sourcecode.cpp.h; path = STL_Algorithm01.hpp; sourceTree = "<group>"; };
/* End PBXFileReference section */

/* Begin PBXFrameworksBuildPhase section */
		BFBD5DD91BD6A08900511129 /* Frameworks */ = {
			isa = PBXFrameworksBuildPhase;
			buildActionMask = 2147483647;
			files = (
			);
			runOnlyForDeploymentPostprocessing = 0;
		};
/* End PBXFrameworksBuildPhase section */

/* Begin PBXGroup section */
		BFBD5DD31BD6A08900511129 = {
			isa = PBXGroup;
			children = (
				BFBD5DDE1BD6A08900511129 /* STL算法 */,
				BFBD5DDD1BD6A08900511129 /* Products */,
			);
			sourceTree = "<group>";
		};
		BFBD5DDD1BD6A08900511129 /* Products */ = {
			isa = PBXGroup;
			children = (
				BFBD5DDC1BD6A08900511129 /* STL算法 */,
			);
			name = Products;
			sourceTree = "<group>";
		};
		BFBD5DDE1BD6A08900511129 /* STL算法 */ = {
			isa = PBXGroup;
			children = (
				BFBD5DE61BD6A18F00511129 /* STL_Algorithm01.cpp */,
				BFBD5DE71BD6A18F00511129 /* STL_Algorithm01.hpp */,
				BF8131D81BDE684200EC5307 /* STL_Algorithm02.cpp */,
				BF8131D91BDE684200EC5307 /* STL_Algorithm02.hpp */,
				BFB34A281BDFBD6E00B9CAE0 /* STL_Algorithm03.cpp */,
				BFB34A291BDFBD6E00B9CAE0 /* STL_Algorithm03.hpp */,
				BFB34A2B1BDFCD4C00B9CAE0 /* STL_Algorithm04.cpp */,
				BFB34A2C1BDFCD4C00B9CAE0 /* STL_Algorithm04.hpp */,
			);
			path = "STL算法";
			sourceTree = "<group>";
		};
/* End PBXGroup section */

/* Begin PBXNativeTarget section */
		BFBD5DDB1BD6A08900511129 /* STL算法 */ = {
			isa = PBXNativeTarget;
			buildConfigurationList = BFBD5DE31BD6A08900511129 /* Build configuration list for PBXNativeTarget "STL算法" */;
			buildPhases = (
				BFBD5DD81BD6A08900511129 /* Sources */,
				BFBD5DD91BD6A08900511129 /* Frameworks */,
				BFBD5DDA1BD6A08900511129 /* CopyFiles */,
			);
			buildRules = (
			);
			dependencies = (
			);
			name = "STL算法";
			productName = "STL算法";
			productReference = BFBD5DDC1BD6A08900511129 /* STL算法 */;
			productType = "com.apple.product-type.tool";
		};
/* End PBXNativeTarget section */

/* Begin PBXProject section */
		BFBD5DD41BD6A08900511129 /* Project object */ = {
			isa = PBXProject;
			attributes = {
				LastUpgradeCheck = 0700;
				ORGANIZATIONNAME = "胡健";
				TargetAttributes = {
					BFBD5DDB1BD6A08900511129 = {
						CreatedOnToolsVersion = 7.0.1;
					};
				};
			};
			buildConfigurationList = BFBD5DD71BD6A08900511129 /* Build configuration list for PBXProject "STL算法" */;
			compatibilityVersion = "Xcode 3.2";
			developmentRegion = English;
			hasScannedForEncodings = 0;
			knownRegions = (
				en,
			);
			mainGroup = BFBD5DD31BD6A08900511129;
			productRefGroup = BFBD5DDD1BD6A08900511129 /* Products */;
			projectDirPath = "";
			projectRoot = "";
			targets = (
				BFBD5DDB1BD6A08900511129 /* STL算法 */,
			);
		};
/* End PBXProject section */

/* Begin PBXSourcesBuildPhase section */
		BFBD5DD81BD6A08900511129 /* Sources */ = {
			isa = PBXSourcesBuildPhase;
			buildActionMask = 2147483647;
			files = (
				BFBD5DE81BD6A18F00511129 /* STL_Algorithm01.cpp in Sources */,
				BFB34A2D1BDFCD4C00B9CAE0 /* STL_Algorithm04.cpp in Sources */,
				BFB34A2A1BDFBD6E00B9CAE0 /* STL_Algorithm03.cpp in Sources */,
				BF8131DA1BDE684200EC5307 /* STL_Algorithm02.cpp in Sources */,
			);
			runOnlyForDeploymentPostprocessing = 0;
		};
/* End PBXSourcesBuildPhase section */

/* Begin XCBuildConfiguration section */
		BFBD5DE11BD6A08900511129 /* Debug */ = {
			isa = XCBuildConfiguration;
			buildSettings = {
				ALWAYS_SEARCH_USER_PATHS = NO;
				CLANG_CXX_LANGUAGE_STANDARD = "gnu++0x";
				CLANG_CXX_LIBRARY = "libc++";
				CLANG_ENABLE_MODULES = YES;
				CLANG_ENABLE_OBJC_ARC = YES;
				CLANG_WARN_BOOL_CONVERSION = YES;
				CLANG_WARN_CONSTANT_CONVERSION = YES;
				CLANG_WARN_DIRECT_OBJC_ISA_USAGE = YES_ERROR;
				CLANG_WARN_EMPTY_BODY = YES;
				CLANG_WARN_ENUM_CONVERSION = YES;
				CLANG_WARN_INT_CONVERSION = YES;
				CLANG_WARN_OBJC_ROOT_CLASS = YES_ERROR;
				CLANG_WARN_UNREACHABLE_CODE = YES;
				CLANG_WARN__DUPLICATE_METHOD_MATCH = YES;
				COPY_PHASE_STRIP = NO;
				DEBUG_INFORMATION_FORMAT = dwarf;
				ENABLE_STRICT_OBJC_MSGSEND = YES;
				ENABLE_TESTABILITY = YES;
				GCC_C_LANGUAGE_STANDARD = gnu99;
				GCC_DYNAMIC_NO_PIC = NO;
				GCC_NO_COMMON_BLOCKS = YES;
				GCC_OPTIMIZATION_LEVEL = 0;
				GCC_PREPROCESSOR_DEFINITIONS = (
					"DEBUG=1",
					"$(inherited)",
				);
				GCC_WARN_64_TO_32_BIT_CONVERSION = YES;
				GCC_WARN_ABOUT_RETURN_TYPE = YES_ERROR;
				GCC_WARN_UNDECLARED_SELECTOR = YES;
				GCC_WARN_UNINITIALIZED_AUTOS = YES_AGGRESSIVE;
				GCC_WARN_UNUSED_FUNCTION = YES;
				GCC_WARN_UNUSED_VARIABLE = YES;
				MACOSX_DEPLOYMENT_TARGET = 10.11;
				MTL_ENABLE_DEBUG_INFO = YES;
				ONLY_ACTIVE_ARCH = YES;
				SDKROOT = macosx;
			};
			name = Debug;
		};
		BFBD5DE21BD6A08900511129 /* Release */ = {
			isa = XCBuildConfiguration;
			buildSettings = {
				ALWAYS_SEARCH_USER_PATHS = NO;
				CLANG_CXX_LANGUAGE_STANDARD = "gnu++0x";
				CLANG_CXX_LIBRARY = "libc++";
				CLANG_ENABLE_MODULES = YES;
				CLANG_ENABLE_OBJC_ARC = YES;
				CLANG_WARN_BOOL_CONVERSION = YES;
				CLANG_WARN_CONSTANT_CONVERSION = YES;
				CLANG_WARN_DIRECT_OBJC_ISA_USAGE = YES_ERROR;
				CLANG_WARN_EMPTY_BODY = YES;
				CLANG_WARN_ENUM_CONVERSION = YES;
				CLANG_WARN_INT_CONVERSION = YES;
				CLANG_WARN_OBJC_ROOT_CLASS = YES_ERROR;
				CLANG_WARN_UNREACHABLE_CODE = YES;
				CLANG_WARN__DUPLICATE_METHOD_MATCH = YES;
				COPY_PHASE_STRIP = NO;
				DEBUG_INFORMATION_FORMAT = "dwarf-with-dsym";
				ENABLE_NS_ASSERTIONS = NO;
				ENABLE_STRICT_OBJC_MSGSEND = YES;
				GCC_C_LANGUAGE_STANDARD = gnu99;
				GCC_NO_COMMON_BLOCKS = YES;
				GCC_WARN_64_TO_32_BIT_CONVERSION = YES;
				GCC_WARN_ABOUT_RETURN_TYPE = YES_ERROR;
				GCC_WARN_UNDECLARED_SELECTOR = YES;
				GCC_WARN_UNINITIALIZED_AUTOS = YES_AGGRESSIVE;
				GCC_WARN_UNUSED_FUNCTION = YES;
				GCC_WARN_UNUSED_VARIABLE = YES;
				MACOSX_DEPLOYMENT_TARGET = 10.11;
				MTL_ENABLE_DEBUG_INFO = NO;
				SDKROOT = macosx;
			};
			name = Release;
		};
		BFBD5DE41BD6A08900511129 /* Debug */ = {
			isa = XCBuildConfiguration;
			buildSettings = {
				PRODUCT_NAME = "$(TARGET_NAME)";
			};
			name = Debug;
		};
		BFBD5DE51BD6A08900511129 /* Release */ = {
			isa = XCBuildConfiguration;
			buildSettings = {
				PRODUCT_NAME = "$(TARGET_NAME)";
			};
			name = Release;
		};
/* End XCBuildConfiguration section */

/* Begin XCConfigurationList section */
		BFBD5DD71BD6A08900511129 /* Build configuration list for PBXProject "STL算法" */ = {
			isa = XCConfigurationList;
			buildConfigurations = (
				BFBD5DE11BD6A08900511129 /* Debug */,
				BFBD5DE21BD6A08900511129 /* Release */,
			);
			defaultConfigurationIsVisible = 0;
			defaultConfigurationName = Release;
		};
		BFBD5DE31BD6A08900511129 /* Build configuration list for PBXNativeTarget "STL算法" */ = {
			isa = XCConfigurationList;
			buildConfigurations = (
				BFBD5DE41BD6A08900511129 /* Debug */,
				BFBD5DE51BD6A08900511129 /* Release */,
			);
			defaultConfigurationIsVisible = 0;
			defaultConfigurationName = Release;
		};
/* End XCConfigurationList section */
	};
	rootObject = BFBD5DD41BD6A08900511129 /* Project object */;
}
